// !$*UTF8*$!
{
	archiveVersion = 1;
	classes = {
	};
	objectVersion = 55;
	objects = {

/* Begin PBXBuildFile section */
		520C5DF827C3CEBB00E841F3 /* AppDelegate.swift in Sources */ = {isa = PBXBuildFile; fileRef = 520C5DF727C3CEBB00E841F3 /* AppDelegate.swift */; };
		520C5DFA27C3CEBB00E841F3 /* SceneDelegate.swift in Sources */ = {isa = PBXBuildFile; fileRef = 520C5DF927C3CEBB00E841F3 /* SceneDelegate.swift */; };
		520C5DFC27C3CEBB00E841F3 /* ViewController.swift in Sources */ = {isa = PBXBuildFile; fileRef = 520C5DFB27C3CEBB00E841F3 /* ViewController.swift */; };
		520C5DFF27C3CEBB00E841F3 /* Main.storyboard in Resources */ = {isa = PBXBuildFile; fileRef = 520C5DFD27C3CEBB00E841F3 /* Main.storyboard */; };
		520C5E0127C3CEBD00E841F3 /* Assets.xcassets in Resources */ = {isa = PBXBuildFile; fileRef = 520C5E0027C3CEBD00E841F3 /* Assets.xcassets */; };
		520C5E0427C3CEBD00E841F3 /* LaunchScreen.storyboard in Resources */ = {isa = PBXBuildFile; fileRef = 520C5E0227C3CEBD00E841F3 /* LaunchScreen.storyboard */; };
		520C5E1427C3D63200E841F3 /* ItemTableCell.swift in Sources */ = {isa = PBXBuildFile; fileRef = 520C5E1227C3D63200E841F3 /* ItemTableCell.swift */; };
		520C5E1527C3D63200E841F3 /* ItemTableCell.xib in Resources */ = {isa = PBXBuildFile; fileRef = 520C5E1327C3D63200E841F3 /* ItemTableCell.xib */; };
		520C5E1727C3D7A900E841F3 /* ItemEntity.swift in Sources */ = {isa = PBXBuildFile; fileRef = 520C5E1627C3D7A900E841F3 /* ItemEntity.swift */; };
		520C5E1927C3D82E00E841F3 /* ItemModel.swift in Sources */ = {isa = PBXBuildFile; fileRef = 520C5E1827C3D82E00E841F3 /* ItemModel.swift */; };
		525CE30E27C93D91002FACDF /* ProfileTableCell.swift in Sources */ = {isa = PBXBuildFile; fileRef = 525CE30C27C93D91002FACDF /* ProfileTableCell.swift */; };
		525CE30F27C93D91002FACDF /* ProfileTableCell.xib in Resources */ = {isa = PBXBuildFile; fileRef = 525CE30D27C93D91002FACDF /* ProfileTableCell.xib */; };
		529FB1B527C517DE0095A4DE /* ModifyViewController.swift in Sources */ = {isa = PBXBuildFile; fileRef = 529FB1B427C517DE0095A4DE /* ModifyViewController.swift */; };
		52BD9C0027C9145B00979130 /* ProfileViewController.swift in Sources */ = {isa = PBXBuildFile; fileRef = 52BD9BFF27C9145B00979130 /* ProfileViewController.swift */; };
		52FA981527C92E84007EF4FE /* MenuTableCell.swift in Sources */ = {isa = PBXBuildFile; fileRef = 52FA981327C92E84007EF4FE /* MenuTableCell.swift */; };
		52FA981627C92E84007EF4FE /* MenuTableCell.xib in Resources */ = {isa = PBXBuildFile; fileRef = 52FA981427C92E84007EF4FE /* MenuTableCell.xib */; };
		52FA981827C9344C007EF4FE /* ProfileEntity.swift in Sources */ = {isa = PBXBuildFile; fileRef = 52FA981727C9344C007EF4FE /* ProfileEntity.swift */; };
		52FA981A27C93462007EF4FE /* ProfileModel.swift in Sources */ = {isa = PBXBuildFile; fileRef = 52FA981927C93462007EF4FE /* ProfileModel.swift */; };
		7612D4B91ABB0D9E38B007CA /* Pods_CarrotMarket.framework in Frameworks */ = {isa = PBXBuildFile; fileRef = 85C694383A54BD75A06CD3F4 /* Pods_CarrotMarket.framework */; };
/* End PBXBuildFile section */

/* Begin PBXFileReference section */
		0C95C09E46838994BBB33C39 /* Pods-CarrotMarket.release.xcconfig */ = {isa = PBXFileReference; includeInIndex = 1; lastKnownFileType = text.xcconfig; name = "Pods-CarrotMarket.release.xcconfig"; path = "Target Support Files/Pods-CarrotMarket/Pods-CarrotMarket.release.xcconfig"; sourceTree = "<group>"; };
		3E17AA7CF10850C41033E028 /* Pods-CarrotMarket.debug.xcconfig */ = {isa = PBXFileReference; includeInIndex = 1; lastKnownFileType = text.xcconfig; name = "Pods-CarrotMarket.debug.xcconfig"; path = "Target Support Files/Pods-CarrotMarket/Pods-CarrotMarket.debug.xcconfig"; sourceTree = "<group>"; };
		520C5DF427C3CEBB00E841F3 /* CarrotMarket.app */ = {isa = PBXFileReference; explicitFileType = wrapper.application; includeInIndex = 0; path = CarrotMarket.app; sourceTree = BUILT_PRODUCTS_DIR; };
		520C5DF727C3CEBB00E841F3 /* AppDelegate.swift */ = {isa = PBXFileReference; lastKnownFileType = sourcecode.swift; path = AppDelegate.swift; sourceTree = "<group>"; };
		520C5DF927C3CEBB00E841F3 /* SceneDelegate.swift */ = {isa = PBXFileReference; lastKnownFileType = sourcecode.swift; path = SceneDelegate.swift; sourceTree = "<group>"; };
		520C5DFB27C3CEBB00E841F3 /* ViewController.swift */ = {isa = PBXFileReference; lastKnownFileType = sourcecode.swift; path = ViewController.swift; sourceTree = "<group>"; };
		520C5DFE27C3CEBB00E841F3 /* Base */ = {isa = PBXFileReference; lastKnownFileType = file.storyboard; name = Base; path = Base.lproj/Main.storyboard; sourceTree = "<group>"; };
		520C5E0027C3CEBD00E841F3 /* Assets.xcassets */ = {isa = PBXFileReference; lastKnownFileType = folder.assetcatalog; path = Assets.xcassets; sourceTree = "<group>"; };
		520C5E0327C3CEBD00E841F3 /* Base */ = {isa = PBXFileReference; lastKnownFileType = file.storyboard; name = Base; path = Base.lproj/LaunchScreen.storyboard; sourceTree = "<group>"; };
		520C5E0527C3CEBD00E841F3 /* Info.plist */ = {isa = PBXFileReference; lastKnownFileType = text.plist.xml; path = Info.plist; sourceTree = "<group>"; };
		520C5E1227C3D63200E841F3 /* ItemTableCell.swift */ = {isa = PBXFileReference; lastKnownFileType = sourcecode.swift; path = ItemTableCell.swift; sourceTree = "<group>"; };
		520C5E1327C3D63200E841F3 /* ItemTableCell.xib */ = {isa = PBXFileReference; lastKnownFileType = file.xib; path = ItemTableCell.xib; sourceTree = "<group>"; };
		520C5E1627C3D7A900E841F3 /* ItemEntity.swift */ = {isa = PBXFileReference; lastKnownFileType = sourcecode.swift; path = ItemEntity.swift; sourceTree = "<group>"; };
		520C5E1827C3D82E00E841F3 /* ItemModel.swift */ = {isa = PBXFileReference; lastKnownFileType = sourcecode.swift; path = ItemModel.swift; sourceTree = "<group>"; };
		525CE30C27C93D91002FACDF /* ProfileTableCell.swift */ = {isa = PBXFileReference; lastKnownFileType = sourcecode.swift; path = ProfileTableCell.swift; sourceTree = "<group>"; };
		525CE30D27C93D91002FACDF /* ProfileTableCell.xib */ = {isa = PBXFileReference; lastKnownFileType = file.xib; path = ProfileTableCell.xib; sourceTree = "<group>"; };
		529FB1B427C517DE0095A4DE /* ModifyViewController.swift */ = {isa = PBXFileReference; lastKnownFileType = sourcecode.swift; path = ModifyViewController.swift; sourceTree = "<group>"; };
		52BD9BFF27C9145B00979130 /* ProfileViewController.swift */ = {isa = PBXFileReference; lastKnownFileType = sourcecode.swift; path = ProfileViewController.swift; sourceTree = "<group>"; };
		52FA981327C92E84007EF4FE /* MenuTableCell.swift */ = {isa = PBXFileReference; lastKnownFileType = sourcecode.swift; path = MenuTableCell.swift; sourceTree = "<group>"; };
		52FA981427C92E84007EF4FE /* MenuTableCell.xib */ = {isa = PBXFileReference; lastKnownFileType = file.xib; path = MenuTableCell.xib; sourceTree = "<group>"; };
		52FA981727C9344C007EF4FE /* ProfileEntity.swift */ = {isa = PBXFileReference; lastKnownFileType = sourcecode.swift; path = ProfileEntity.swift; sourceTree = "<group>"; };
		52FA981927C93462007EF4FE /* ProfileModel.swift */ = {isa = PBXFileReference; lastKnownFileType = sourcecode.swift; path = ProfileModel.swift; sourceTree = "<group>"; };
		85C694383A54BD75A06CD3F4 /* Pods_CarrotMarket.framework */ = {isa = PBXFileReference; explicitFileType = wrapper.framework; includeInIndex = 0; path = Pods_CarrotMarket.framework; sourceTree = BUILT_PRODUCTS_DIR; };
/* End PBXFileReference section */

/* Begin PBXFrameworksBuildPhase section */
		520C5DF127C3CEBB00E841F3 /* Frameworks */ = {
			isa = PBXFrameworksBuildPhase;
			buildActionMask = 2147483647;
			files = (
				7612D4B91ABB0D9E38B007CA /* Pods_CarrotMarket.framework in Frameworks */,
			);
			runOnlyForDeploymentPostprocessing = 0;
		};
/* End PBXFrameworksBuildPhase section */

/* Begin PBXGroup section */
		520C5DEB27C3CEBB00E841F3 = {
			isa = PBXGroup;
			children = (
				520C5DF627C3CEBB00E841F3 /* CarrotMarket */,
				520C5DF527C3CEBB00E841F3 /* Products */,
				F63ADB9E556EF4832E4C219B /* Pods */,
				9CCD5802A089FA27FB36AC0E /* Frameworks */,
			);
			sourceTree = "<group>";
		};
		520C5DF527C3CEBB00E841F3 /* Products */ = {
			isa = PBXGroup;
			children = (
				520C5DF427C3CEBB00E841F3 /* CarrotMarket.app */,
			);
			name = Products;
			sourceTree = "<group>";
		};
		520C5DF627C3CEBB00E841F3 /* CarrotMarket */ = {
			isa = PBXGroup;
			children = (
				520C5DF727C3CEBB00E841F3 /* AppDelegate.swift */,
				520C5DF927C3CEBB00E841F3 /* SceneDelegate.swift */,
				520C5E0E27C3CF9B00E841F3 /* Entity */,
				520C5E0C27C3CF8F00E841F3 /* Model */,
				520C5E0B27C3CEF500E841F3 /* Presentation */,
				520C5E0027C3CEBD00E841F3 /* Assets.xcassets */,
				520C5E0227C3CEBD00E841F3 /* LaunchScreen.storyboard */,
				520C5E0527C3CEBD00E841F3 /* Info.plist */,
			);
			path = CarrotMarket;
			sourceTree = "<group>";
		};
		520C5E0B27C3CEF500E841F3 /* Presentation */ = {
			isa = PBXGroup;
			children = (
				520C5DFD27C3CEBB00E841F3 /* Main.storyboard */,
				52BD9C0127C914B900979130 /* Home */,
				52BD9C0227C914D500979130 /* Profile */,
			);
			path = Presentation;
			sourceTree = "<group>";
		};
		520C5E0C27C3CF8F00E841F3 /* Model */ = {
			isa = PBXGroup;
			children = (
				520C5E1827C3D82E00E841F3 /* ItemModel.swift */,
				52FA981927C93462007EF4FE /* ProfileModel.swift */,
			);
			path = Model;
			sourceTree = "<group>";
		};
		520C5E0E27C3CF9B00E841F3 /* Entity */ = {
			isa = PBXGroup;
			children = (
				520C5E1627C3D7A900E841F3 /* ItemEntity.swift */,
				52FA981727C9344C007EF4FE /* ProfileEntity.swift */,
			);
			path = Entity;
			sourceTree = "<group>";
		};
		520C5E1127C3D5AF00E841F3 /* SubComponent */ = {
			isa = PBXGroup;
			children = (
				520C5E1227C3D63200E841F3 /* ItemTableCell.swift */,
				520C5E1327C3D63200E841F3 /* ItemTableCell.xib */,
			);
			path = SubComponent;
			sourceTree = "<group>";
		};
		52BD9C0127C914B900979130 /* Home */ = {
			isa = PBXGroup;
			children = (
				520C5DFB27C3CEBB00E841F3 /* ViewController.swift */,
				529FB1B427C517DE0095A4DE /* ModifyViewController.swift */,
				520C5E1127C3D5AF00E841F3 /* SubComponent */,
			);
			path = Home;
			sourceTree = "<group>";
		};
		52BD9C0227C914D500979130 /* Profile */ = {
			isa = PBXGroup;
			children = (
				52BD9BFF27C9145B00979130 /* ProfileViewController.swift */,
				52FA97F827C929F9007EF4FE /* SubComponent */,
			);
			path = Profile;
			sourceTree = "<group>";
		};
		52FA97F827C929F9007EF4FE /* SubComponent */ = {
			isa = PBXGroup;
			children = (
				52FA981427C92E84007EF4FE /* MenuTableCell.xib */,
				52FA981327C92E84007EF4FE /* MenuTableCell.swift */,
				525CE30D27C93D91002FACDF /* ProfileTableCell.xib */,
				525CE30C27C93D91002FACDF /* ProfileTableCell.swift */,
			);
			path = SubComponent;
			sourceTree = "<group>";
		};
		9CCD5802A089FA27FB36AC0E /* Frameworks */ = {
			isa = PBXGroup;
			children = (
				85C694383A54BD75A06CD3F4 /* Pods_CarrotMarket.framework */,
			);
			name = Frameworks;
			sourceTree = "<group>";
		};
		F63ADB9E556EF4832E4C219B /* Pods */ = {
			isa = PBXGroup;
			children = (
				3E17AA7CF10850C41033E028 /* Pods-CarrotMarket.debug.xcconfig */,
				0C95C09E46838994BBB33C39 /* Pods-CarrotMarket.release.xcconfig */,
			);
			path = Pods;
			sourceTree = "<group>";
		};
/* End PBXGroup section */

/* Begin PBXNativeTarget section */
		520C5DF327C3CEBB00E841F3 /* CarrotMarket */ = {
			isa = PBXNativeTarget;
			buildConfigurationList = 520C5E0827C3CEBD00E841F3 /* Build configuration list for PBXNativeTarget "CarrotMarket" */;
			buildPhases = (
				0A14F0688E9615A20AB3ACA7 /* [CP] Check Pods Manifest.lock */,
				520C5DF027C3CEBB00E841F3 /* Sources */,
				520C5DF127C3CEBB00E841F3 /* Frameworks */,
				520C5DF227C3CEBB00E841F3 /* Resources */,
				A46ACC1111C4FF7328256581 /* [CP] Embed Pods Frameworks */,
			);
			buildRules = (
			);
			dependencies = (
			);
			name = CarrotMarket;
			productName = CarrotMarket;
			productReference = 520C5DF427C3CEBB00E841F3 /* CarrotMarket.app */;
			productType = "com.apple.product-type.application";
		};
/* End PBXNativeTarget section */

/* Begin PBXProject section */
		520C5DEC27C3CEBB00E841F3 /* Project object */ = {
			isa = PBXProject;
			attributes = {
				BuildIndependentTargetsInParallel = 1;
				LastSwiftUpdateCheck = 1320;
				LastUpgradeCheck = 1320;
				TargetAttributes = {
					520C5DF327C3CEBB00E841F3 = {
						CreatedOnToolsVersion = 13.2.1;
					};
				};
			};
			buildConfigurationList = 520C5DEF27C3CEBB00E841F3 /* Build configuration list for PBXProject "CarrotMarket" */;
			compatibilityVersion = "Xcode 13.0";
			developmentRegion = en;
			hasScannedForEncodings = 0;
			knownRegions = (
				en,
				Base,
			);
			mainGroup = 520C5DEB27C3CEBB00E841F3;
			productRefGroup = 520C5DF527C3CEBB00E841F3 /* Products */;
			projectDirPath = "";
			projectRoot = "";
			targets = (
				520C5DF327C3CEBB00E841F3 /* CarrotMarket */,
			);
		};
/* End PBXProject section */

/* Begin PBXResourcesBuildPhase section */
		520C5DF227C3CEBB00E841F3 /* Resources */ = {
			isa = PBXResourcesBuildPhase;
			buildActionMask = 2147483647;
			files = (
				520C5E0427C3CEBD00E841F3 /* LaunchScreen.storyboard in Resources */,
				520C5E1527C3D63200E841F3 /* ItemTableCell.xib in Resources */,
				525CE30F27C93D91002FACDF /* ProfileTableCell.xib in Resources */,
				520C5E0127C3CEBD00E841F3 /* Assets.xcassets in Resources */,
				52FA981627C92E84007EF4FE /* MenuTableCell.xib in Resources */,
				520C5DFF27C3CEBB00E841F3 /* Main.storyboard in Resources */,
			);
			runOnlyForDeploymentPostprocessing = 0;
		};
/* End PBXResourcesBuildPhase section */

/* Begin PBXShellScriptBuildPhase section */
		0A14F0688E9615A20AB3ACA7 /* [CP] Check Pods Manifest.lock */ = {
			isa = PBXShellScriptBuildPhase;
			buildActionMask = 2147483647;
			files = (
			);
			inputFileListPaths = (
			);
			inputPaths = (
				"${PODS_PODFILE_DIR_PATH}/Podfile.lock",
				"${PODS_ROOT}/Manifest.lock",
			);
			name = "[CP] Check Pods Manifest.lock";
			outputFileListPaths = (
			);
			outputPaths = (
				"$(DERIVED_FILE_DIR)/Pods-CarrotMarket-checkManifestLockResult.txt",
			);
			runOnlyForDeploymentPostprocessing = 0;
			shellPath = /bin/sh;
			shellScript = "diff \"${PODS_PODFILE_DIR_PATH}/Podfile.lock\" \"${PODS_ROOT}/Manifest.lock\" > /dev/null\nif [ $? != 0 ] ; then\n    # print error to STDERR\n    echo \"error: The sandbox is not in sync with the Podfile.lock. Run 'pod install' or update your CocoaPods installation.\" >&2\n    exit 1\nfi\n# This output is used by Xcode 'outputs' to avoid re-running this script phase.\necho \"SUCCESS\" > \"${SCRIPT_OUTPUT_FILE_0}\"\n";
			showEnvVarsInLog = 0;
		};
		A46ACC1111C4FF7328256581 /* [CP] Embed Pods Frameworks */ = {
			isa = PBXShellScriptBuildPhase;
			buildActionMask = 2147483647;
			files = (
			);
			inputFileListPaths = (
				"${PODS_ROOT}/Target Support Files/Pods-CarrotMarket/Pods-CarrotMarket-frameworks-${CONFIGURATION}-input-files.xcfilelist",
			);
			name = "[CP] Embed Pods Frameworks";
			outputFileListPaths = (
				"${PODS_ROOT}/Target Support Files/Pods-CarrotMarket/Pods-CarrotMarket-frameworks-${CONFIGURATION}-output-files.xcfilelist",
			);
			runOnlyForDeploymentPostprocessing = 0;
			shellPath = /bin/sh;
			shellScript = "\"${PODS_ROOT}/Target Support Files/Pods-CarrotMarket/Pods-CarrotMarket-frameworks.sh\"\n";
			showEnvVarsInLog = 0;
		};
/* End PBXShellScriptBuildPhase section */

/* Begin PBXSourcesBuildPhase section */
		520C5DF027C3CEBB00E841F3 /* Sources */ = {
			isa = PBXSourcesBuildPhase;
			buildActionMask = 2147483647;
			files = (
				520C5DFC27C3CEBB00E841F3 /* ViewController.swift in Sources */,
				520C5E1727C3D7A900E841F3 /* ItemEntity.swift in Sources */,
				520C5DF827C3CEBB00E841F3 /* AppDelegate.swift in Sources */,
				52FA981A27C93462007EF4FE /* ProfileModel.swift in Sources */,
				52FA981527C92E84007EF4FE /* MenuTableCell.swift in Sources */,
				52FA981827C9344C007EF4FE /* ProfileEntity.swift in Sources */,
				529FB1B527C517DE0095A4DE /* ModifyViewController.swift in Sources */,
				520C5DFA27C3CEBB00E841F3 /* SceneDelegate.swift in Sources */,
				52BD9C0027C9145B00979130 /* ProfileViewController.swift in Sources */,
				520C5E1927C3D82E00E841F3 /* ItemModel.swift in Sources */,
				525CE30E27C93D91002FACDF /* ProfileTableCell.swift in Sources */,
				520C5E1427C3D63200E841F3 /* ItemTableCell.swift in Sources */,
			);
			runOnlyForDeploymentPostprocessing = 0;
		};
/* End PBXSourcesBuildPhase section */

/* Begin PBXVariantGroup section */
		520C5DFD27C3CEBB00E841F3 /* Main.storyboard */ = {
			isa = PBXVariantGroup;
			children = (
				520C5DFE27C3CEBB00E841F3 /* Base */,
			);
			name = Main.storyboard;
			sourceTree = "<group>";
		};
		520C5E0227C3CEBD00E841F3 /* LaunchScreen.storyboard */ = {
			isa = PBXVariantGroup;
			children = (
				520C5E0327C3CEBD00E841F3 /* Base */,
			);
			name = LaunchScreen.storyboard;
			sourceTree = "<group>";
		};
/* End PBXVariantGroup section */

/* Begin XCBuildConfiguration section */
		520C5E0627C3CEBD00E841F3 /* Debug */ = {
			isa = XCBuildConfiguration;
			buildSettings = {
				ALWAYS_SEARCH_USER_PATHS = NO;
				CLANG_ANALYZER_NONNULL = YES;
				CLANG_ANALYZER_NUMBER_OBJECT_CONVERSION = YES_AGGRESSIVE;
				CLANG_CXX_LANGUAGE_STANDARD = "gnu++17";
				CLANG_CXX_LIBRARY = "libc++";
				CLANG_ENABLE_MODULES = YES;
				CLANG_ENABLE_OBJC_ARC = YES;
				CLANG_ENABLE_OBJC_WEAK = YES;
				CLANG_WARN_BLOCK_CAPTURE_AUTORELEASING = YES;
				CLANG_WARN_BOOL_CONVERSION = YES;
				CLANG_WARN_COMMA = YES;
				CLANG_WARN_CONSTANT_CONVERSION = YES;
				CLANG_WARN_DEPRECATED_OBJC_IMPLEMENTATIONS = YES;
				CLANG_WARN_DIRECT_OBJC_ISA_USAGE = YES_ERROR;
				CLANG_WARN_DOCUMENTATION_COMMENTS = YES;
				CLANG_WARN_EMPTY_BODY = YES;
				CLANG_WARN_ENUM_CONVERSION = YES;
				CLANG_WARN_INFINITE_RECURSION = YES;
				CLANG_WARN_INT_CONVERSION = YES;
				CLANG_WARN_NON_LITERAL_NULL_CONVERSION = YES;
				CLANG_WARN_OBJC_IMPLICIT_RETAIN_SELF = YES;
				CLANG_WARN_OBJC_LITERAL_CONVERSION = YES;
				CLANG_WARN_OBJC_ROOT_CLASS = YES_ERROR;
				CLANG_WARN_QUOTED_INCLUDE_IN_FRAMEWORK_HEADER = YES;
				CLANG_WARN_RANGE_LOOP_ANALYSIS = YES;
				CLANG_WARN_STRICT_PROTOTYPES = YES;
				CLANG_WARN_SUSPICIOUS_MOVE = YES;
				CLANG_WARN_UNGUARDED_AVAILABILITY = YES_AGGRESSIVE;
				CLANG_WARN_UNREACHABLE_CODE = YES;
				CLANG_WARN__DUPLICATE_METHOD_MATCH = YES;
				COPY_PHASE_STRIP = NO;
				DEBUG_INFORMATION_FORMAT = dwarf;
				ENABLE_STRICT_OBJC_MSGSEND = YES;
				ENABLE_TESTABILITY = YES;
				GCC_C_LANGUAGE_STANDARD = gnu11;
				GCC_DYNAMIC_NO_PIC = NO;
				GCC_NO_COMMON_BLOCKS = YES;
				GCC_OPTIMIZATION_LEVEL = 0;
				GCC_PREPROCESSOR_DEFINITIONS = (
					"DEBUG=1",
					"$(inherited)",
				);
				GCC_WARN_64_TO_32_BIT_CONVERSION = YES;
				GCC_WARN_ABOUT_RETURN_TYPE = YES_ERROR;
				GCC_WARN_UNDECLARED_SELECTOR = YES;
				GCC_WARN_UNINITIALIZED_AUTOS = YES_AGGRESSIVE;
				GCC_WARN_UNUSED_FUNCTION = YES;
				GCC_WARN_UNUSED_VARIABLE = YES;
				IPHONEOS_DEPLOYMENT_TARGET = 15.2;
				MTL_ENABLE_DEBUG_INFO = INCLUDE_SOURCE;
				MTL_FAST_MATH = YES;
				ONLY_ACTIVE_ARCH = YES;
				SDKROOT = iphoneos;
				SWIFT_ACTIVE_COMPILATION_CONDITIONS = DEBUG;
				SWIFT_OPTIMIZATION_LEVEL = "-Onone";
			};
			name = Debug;
		};
		520C5E0727C3CEBD00E841F3 /* Release */ = {
			isa = XCBuildConfiguration;
			buildSettings = {
				ALWAYS_SEARCH_USER_PATHS = NO;
				CLANG_ANALYZER_NONNULL = YES;
				CLANG_ANALYZER_NUMBER_OBJECT_CONVERSION = YES_AGGRESSIVE;
				CLANG_CXX_LANGUAGE_STANDARD = "gnu++17";
				CLANG_CXX_LIBRARY = "libc++";
				CLANG_ENABLE_MODULES = YES;
				CLANG_ENABLE_OBJC_ARC = YES;
				CLANG_ENABLE_OBJC_WEAK = YES;
				CLANG_WARN_BLOCK_CAPTURE_AUTORELEASING = YES;
				CLANG_WARN_BOOL_CONVERSION = YES;
				CLANG_WARN_COMMA = YES;
				CLANG_WARN_CONSTANT_CONVERSION = YES;
				CLANG_WARN_DEPRECATED_OBJC_IMPLEMENTATIONS = YES;
				CLANG_WARN_DIRECT_OBJC_ISA_USAGE = YES_ERROR;
				CLANG_WARN_DOCUMENTATION_COMMENTS = YES;
				CLANG_WARN_EMPTY_BODY = YES;
				CLANG_WARN_ENUM_CONVERSION = YES;
				CLANG_WARN_INFINITE_RECURSION = YES;
				CLANG_WARN_INT_CONVERSION = YES;
				CLANG_WARN_NON_LITERAL_NULL_CONVERSION = YES;
				CLANG_WARN_OBJC_IMPLICIT_RETAIN_SELF = YES;
				CLANG_WARN_OBJC_LITERAL_CONVERSION = YES;
				CLANG_WARN_OBJC_ROOT_CLASS = YES_ERROR;
				CLANG_WARN_QUOTED_INCLUDE_IN_FRAMEWORK_HEADER = YES;
				CLANG_WARN_RANGE_LOOP_ANALYSIS = YES;
				CLANG_WARN_STRICT_PROTOTYPES = YES;
				CLANG_WARN_SUSPICIOUS_MOVE = YES;
				CLANG_WARN_UNGUARDED_AVAILABILITY = YES_AGGRESSIVE;
				CLANG_WARN_UNREACHABLE_CODE = YES;
				CLANG_WARN__DUPLICATE_METHOD_MATCH = YES;
				COPY_PHASE_STRIP = NO;
				DEBUG_INFORMATION_FORMAT = "dwarf-with-dsym";
				ENABLE_NS_ASSERTIONS = NO;
				ENABLE_STRICT_OBJC_MSGSEND = YES;
				GCC_C_LANGUAGE_STANDARD = gnu11;
				GCC_NO_COMMON_BLOCKS = YES;
				GCC_WARN_64_TO_32_BIT_CONVERSION = YES;
				GCC_WARN_ABOUT_RETURN_TYPE = YES_ERROR;
				GCC_WARN_UNDECLARED_SELECTOR = YES;
				GCC_WARN_UNINITIALIZED_AUTOS = YES_AGGRESSIVE;
				GCC_WARN_UNUSED_FUNCTION = YES;
				GCC_WARN_UNUSED_VARIABLE = YES;
				IPHONEOS_DEPLOYMENT_TARGET = 15.2;
				MTL_ENABLE_DEBUG_INFO = NO;
				MTL_FAST_MATH = YES;
				SDKROOT = iphoneos;
				SWIFT_COMPILATION_MODE = wholemodule;
				SWIFT_OPTIMIZATION_LEVEL = "-O";
				VALIDATE_PRODUCT = YES;
			};
			name = Release;
		};
		520C5E0927C3CEBD00E841F3 /* Debug */ = {
			isa = XCBuildConfiguration;
			baseConfigurationReference = 3E17AA7CF10850C41033E028 /* Pods-CarrotMarket.debug.xcconfig */;
			buildSettings = {
				ASSETCATALOG_COMPILER_APPICON_NAME = AppIcon;
				ASSETCATALOG_COMPILER_GLOBAL_ACCENT_COLOR_NAME = AccentColor;
				CODE_SIGN_STYLE = Automatic;
				CURRENT_PROJECT_VERSION = 1;
				DEVELOPMENT_TEAM = FKP4VA87Y9;
				GENERATE_INFOPLIST_FILE = YES;
				INFOPLIST_FILE = CarrotMarket/Info.plist;
				INFOPLIST_KEY_UIApplicationSupportsIndirectInputEvents = YES;
				INFOPLIST_KEY_UILaunchStoryboardName = LaunchScreen;
				INFOPLIST_KEY_UIMainStoryboardFile = Main;
				INFOPLIST_KEY_UISupportedInterfaceOrientations_iPad = "UIInterfaceOrientationPortrait UIInterfaceOrientationPortraitUpsideDown UIInterfaceOrientationLandscapeLeft UIInterfaceOrientationLandscapeRight";
				INFOPLIST_KEY_UISupportedInterfaceOrientations_iPhone = "UIInterfaceOrientationPortrait UIInterfaceOrientationLandscapeLeft UIInterfaceOrientationLandscapeRight";
				LD_RUNPATH_SEARCH_PATHS = (
					"$(inherited)",
					"@executable_path/Frameworks",
				);
				MARKETING_VERSION = 1.0;
				PRODUCT_BUNDLE_IDENTIFIER = com.temp.CarrotMarket;
				PRODUCT_NAME = "$(TARGET_NAME)";
				SWIFT_EMIT_LOC_STRINGS = YES;
				SWIFT_VERSION = 5.0;
				TARGETED_DEVICE_FAMILY = "1,2";
			};
			name = Debug;
		};
		520C5E0A27C3CEBD00E841F3 /* Release */ = {
			isa = XCBuildConfiguration;
			baseConfigurationReference = 0C95C09E46838994BBB33C39 /* Pods-CarrotMarket.release.xcconfig */;
			buildSettings = {
				ASSETCATALOG_COMPILER_APPICON_NAME = AppIcon;
				ASSETCATALOG_COMPILER_GLOBAL_ACCENT_COLOR_NAME = AccentColor;
				CODE_SIGN_STYLE = Automatic;
				CURRENT_PROJECT_VERSION = 1;
				DEVELOPMENT_TEAM = FKP4VA87Y9;
				GENERATE_INFOPLIST_FILE = YES;
				INFOPLIST_FILE = CarrotMarket/Info.plist;
				INFOPLIST_KEY_UIApplicationSupportsIndirectInputEvents = YES;
				INFOPLIST_KEY_UILaunchStoryboardName = LaunchScreen;
				INFOPLIST_KEY_UIMainStoryboardFile = Main;
				INFOPLIST_KEY_UISupportedInterfaceOrientations_iPad = "UIInterfaceOrientationPortrait UIInterfaceOrientationPortraitUpsideDown UIInterfaceOrientationLandscapeLeft UIInterfaceOrientationLandscapeRight";
				INFOPLIST_KEY_UISupportedInterfaceOrientations_iPhone = "UIInterfaceOrientationPortrait UIInterfaceOrientationLandscapeLeft UIInterfaceOrientationLandscapeRight";
				LD_RUNPATH_SEARCH_PATHS = (
					"$(inherited)",
					"@executable_path/Frameworks",
				);
				MARKETING_VERSION = 1.0;
				PRODUCT_BUNDLE_IDENTIFIER = com.temp.CarrotMarket;
				PRODUCT_NAME = "$(TARGET_NAME)";
				SWIFT_EMIT_LOC_STRINGS = YES;
				SWIFT_VERSION = 5.0;
				TARGETED_DEVICE_FAMILY = "1,2";
			};
			name = Release;
		};
/* End XCBuildConfiguration section */

/* Begin XCConfigurationList section */
		520C5DEF27C3CEBB00E841F3 /* Build configuration list for PBXProject "CarrotMarket" */ = {
			isa = XCConfigurationList;
			buildConfigurations = (
				520C5E0627C3CEBD00E841F3 /* Debug */,
				520C5E0727C3CEBD00E841F3 /* Release */,
			);
			defaultConfigurationIsVisible = 0;
			defaultConfigurationName = Release;
		};
		520C5E0827C3CEBD00E841F3 /* Build configuration list for PBXNativeTarget "CarrotMarket" */ = {
			isa = XCConfigurationList;
			buildConfigurations = (
				520C5E0927C3CEBD00E841F3 /* Debug */,
				520C5E0A27C3CEBD00E841F3 /* Release */,
			);
			defaultConfigurationIsVisible = 0;
			defaultConfigurationName = Release;
		};
/* End XCConfigurationList section */
	};
	rootObject = 520C5DEC27C3CEBB00E841F3 /* Project object */;
}
