// !$*UTF8*$!
{
	archiveVersion = 1;
	classes = {
	};
	objectVersion = 55;
	objects = {

/* Begin PBXBuildFile section */
		520C5DF827C3CEBB00E841F3 /* AppDelegate.swift in Sources */ = {isa = PBXBuildFile; fileRef = 520C5DF727C3CEBB00E841F3 /* AppDelegate.swift */; };
		520C5DFA27C3CEBB00E841F3 /* SceneDelegate.swift in Sources */ = {isa = PBXBuildFile; fileRef = 520C5DF927C3CEBB00E841F3 /* SceneDelegate.swift */; };
		520C5DFC27C3CEBB00E841F3 /* ViewController.swift in Sources */ = {isa = PBXBuildFile; fileRef = 520C5DFB27C3CEBB00E841F3 /* ViewController.swift */; };
		520C5DFF27C3CEBB00E841F3 /* Main.storyboard in Resources */ = {isa = PBXBuildFile; fileRef = 520C5DFD27C3CEBB00E841F3 /* Main.storyboard */; };
		520C5E0127C3CEBD00E841F3 /* Assets.xcassets in Resources */ = {isa = PBXBuildFile; fileRef = 520C5E0027C3CEBD00E841F3 /* Assets.xcassets */; };
		520C5E0427C3CEBD00E841F3 /* LaunchScreen.storyboard in Resources */ = {isa = PBXBuildFile; fileRef = 520C5E0227C3CEBD00E841F3 /* LaunchScreen.storyboard */; };
		520C5E1027C3D47100E841F3 /* TabBarController.swift in Sources */ = {isa = PBXBuildFile; fileRef = 520C5E0F27C3D47100E841F3 /* TabBarController.swift */; };
		520C5E1427C3D63200E841F3 /* ItemTableCell.swift in Sources */ = {isa = PBXBuildFile; fileRef = 520C5E1227C3D63200E841F3 /* ItemTableCell.swift */; };
		520C5E1527C3D63200E841F3 /* ItemTableCell.xib in Resources */ = {isa = PBXBuildFile; fileRef = 520C5E1327C3D63200E841F3 /* ItemTableCell.xib */; };
		520C5E1727C3D7A900E841F3 /* ItemEntity.swift in Sources */ = {isa = PBXBuildFile; fileRef = 520C5E1627C3D7A900E841F3 /* ItemEntity.swift */; };
		520C5E1927C3D82E00E841F3 /* ItemModel.swift in Sources */ = {isa = PBXBuildFile; fileRef = 520C5E1827C3D82E00E841F3 /* ItemModel.swift */; };
		529FB1B527C517DE0095A4DE /* ModifyViewController.swift in Sources */ = {isa = PBXBuildFile; fileRef = 529FB1B427C517DE0095A4DE /* ModifyViewController.swift */; };
/* End PBXBuildFile section */

/* Begin PBXFileReference section */
		520C5DF427C3CEBB00E841F3 /* CarrotMarket.app */ = {isa = PBXFileReference; explicitFileType = wrapper.application; includeInIndex = 0; path = CarrotMarket.app; sourceTree = BUILT_PRODUCTS_DIR; };
		520C5DF727C3CEBB00E841F3 /* AppDelegate.swift */ = {isa = PBXFileReference; lastKnownFileType = sourcecode.swift; path = AppDelegate.swift; sourceTree = "<group>"; };
		520C5DF927C3CEBB00E841F3 /* SceneDelegate.swift */ = {isa = PBXFileReference; lastKnownFileType = sourcecode.swift; path = SceneDelegate.swift; sourceTree = "<group>"; };
		520C5DFB27C3CEBB00E841F3 /* ViewController.swift */ = {isa = PBXFileReference; lastKnownFileType = sourcecode.swift; path = ViewController.swift; sourceTree = "<group>"; };
		520C5DFE27C3CEBB00E841F3 /* Base */ = {isa = PBXFileReference; lastKnownFileType = file.storyboard; name = Base; path = Base.lproj/Main.storyboard; sourceTree = "<group>"; };
		520C5E0027C3CEBD00E841F3 /* Assets.xcassets */ = {isa = PBXFileReference; lastKnownFileType = folder.assetcatalog; path = Assets.xcassets; sourceTree = "<group>"; };
		520C5E0327C3CEBD00E841F3 /* Base */ = {isa = PBXFileReference; lastKnownFileType = file.storyboard; name = Base; path = Base.lproj/LaunchScreen.storyboard; sourceTree = "<group>"; };
		520C5E0527C3CEBD00E841F3 /* Info.plist */ = {isa = PBXFileReference; lastKnownFileType = text.plist.xml; path = Info.plist; sourceTree = "<group>"; };
		520C5E0F27C3D47100E841F3 /* TabBarController.swift */ = {isa = PBXFileReference; lastKnownFileType = sourcecode.swift; path = TabBarController.swift; sourceTree = "<group>"; };
		520C5E1227C3D63200E841F3 /* ItemTableCell.swift */ = {isa = PBXFileReference; lastKnownFileType = sourcecode.swift; path = ItemTableCell.swift; sourceTree = "<group>"; };
		520C5E1327C3D63200E841F3 /* ItemTableCell.xib */ = {isa = PBXFileReference; lastKnownFileType = file.xib; path = ItemTableCell.xib; sourceTree = "<group>"; };
		520C5E1627C3D7A900E841F3 /* ItemEntity.swift */ = {isa = PBXFileReference; lastKnownFileType = sourcecode.swift; path = ItemEntity.swift; sourceTree = "<group>"; };
		520C5E1827C3D82E00E841F3 /* ItemModel.swift */ = {isa = PBXFileReference; lastKnownFileType = sourcecode.swift; path = ItemModel.swift; sourceTree = "<group>"; };
		529FB1B427C517DE0095A4DE /* ModifyViewController.swift */ = {isa = PBXFileReference; lastKnownFileType = sourcecode.swift; path = ModifyViewController.swift; sourceTree = "<group>"; };
/* End PBXFileReference section */

/* Begin PBXFrameworksBuildPhase section */
		520C5DF127C3CEBB00E841F3 /* Frameworks */ = {
			isa = PBXFrameworksBuildPhase;
			buildActionMask = 2147483647;
			files = (
			);
			runOnlyForDeploymentPostprocessing = 0;
		};
/* End PBXFrameworksBuildPhase section */

/* Begin PBXGroup section */
		520C5DEB27C3CEBB00E841F3 = {
			isa = PBXGroup;
			children = (
				520C5DF627C3CEBB00E841F3 /* CarrotMarket */,
				520C5DF527C3CEBB00E841F3 /* Products */,
			);
			sourceTree = "<group>";
		};
		520C5DF527C3CEBB00E841F3 /* Products */ = {
			isa = PBXGroup;
			children = (
				520C5DF427C3CEBB00E841F3 /* CarrotMarket.app */,
			);
			name = Products;
			sourceTree = "<group>";
		};
		520C5DF627C3CEBB00E841F3 /* CarrotMarket */ = {
			isa = PBXGroup;
			children = (
				520C5DF727C3CEBB00E841F3 /* AppDelegate.swift */,
				520C5DF927C3CEBB00E841F3 /* SceneDelegate.swift */,
				520C5E0E27C3CF9B00E841F3 /* Entity */,
				520C5E0C27C3CF8F00E841F3 /* Model */,
				520C5E0B27C3CEF500E841F3 /* Presentation */,
				520C5E0027C3CEBD00E841F3 /* Assets.xcassets */,
				520C5E0227C3CEBD00E841F3 /* LaunchScreen.storyboard */,
				520C5E0527C3CEBD00E841F3 /* Info.plist */,
			);
			path = CarrotMarket;
			sourceTree = "<group>";
		};
		520C5E0B27C3CEF500E841F3 /* Presentation */ = {
			isa = PBXGroup;
			children = (
				520C5DFB27C3CEBB00E841F3 /* ViewController.swift */,
				520C5DFD27C3CEBB00E841F3 /* Main.storyboard */,
				529FB1B427C517DE0095A4DE /* ModifyViewController.swift */,
				520C5E1127C3D5AF00E841F3 /* SubComponent */,
				520C5E0F27C3D47100E841F3 /* TabBarController.swift */,
			);
			path = Presentation;
			sourceTree = "<group>";
		};
		520C5E0C27C3CF8F00E841F3 /* Model */ = {
			isa = PBXGroup;
			children = (
				520C5E1827C3D82E00E841F3 /* ItemModel.swift */,
			);
			path = Model;
			sourceTree = "<group>";
		};
		520C5E0E27C3CF9B00E841F3 /* Entity */ = {
			isa = PBXGroup;
			children = (
				520C5E1627C3D7A900E841F3 /* ItemEntity.swift */,
			);
			path = Entity;
			sourceTree = "<group>";
		};
		520C5E1127C3D5AF00E841F3 /* SubComponent */ = {
			isa = PBXGroup;
			children = (
				520C5E1227C3D63200E841F3 /* ItemTableCell.swift */,
				520C5E1327C3D63200E841F3 /* ItemTableCell.xib */,
			);
			path = SubComponent;
			sourceTree = "<group>";
		};
/* End PBXGroup section */

/* Begin PBXNativeTarget section */
		520C5DF327C3CEBB00E841F3 /* CarrotMarket */ = {
			isa = PBXNativeTarget;
			buildConfigurationList = 520C5E0827C3CEBD00E841F3 /* Build configuration list for PBXNativeTarget "CarrotMarket" */;
			buildPhases = (
				520C5DF027C3CEBB00E841F3 /* Sources */,
				520C5DF127C3CEBB00E841F3 /* Frameworks */,
				520C5DF227C3CEBB00E841F3 /* Resources */,
			);
			buildRules = (
			);
			dependencies = (
			);
			name = CarrotMarket;
			productName = CarrotMarket;
			productReference = 520C5DF427C3CEBB00E841F3 /* CarrotMarket.app */;
			productType = "com.apple.product-type.application";
		};
/* End PBXNativeTarget section */

/* Begin PBXProject section */
		520C5DEC27C3CEBB00E841F3 /* Project object */ = {
			isa = PBXProject;
			attributes = {
				BuildIndependentTargetsInParallel = 1;
				LastSwiftUpdateCheck = 1320;
				LastUpgradeCheck = 1320;
				TargetAttributes = {
					520C5DF327C3CEBB00E841F3 = {
						CreatedOnToolsVersion = 13.2.1;
					};
				};
			};
			buildConfigurationList = 520C5DEF27C3CEBB00E841F3 /* Build configuration list for PBXProject "CarrotMarket" */;
			compatibilityVersion = "Xcode 13.0";
			developmentRegion = en;
			hasScannedForEncodings = 0;
			knownRegions = (
				en,
				Base,
			);
			mainGroup = 520C5DEB27C3CEBB00E841F3;
			productRefGroup = 520C5DF527C3CEBB00E841F3 /* Products */;
			projectDirPath = "";
			projectRoot = "";
			targets = (
				520C5DF327C3CEBB00E841F3 /* CarrotMarket */,
			);
		};
/* End PBXProject section */

/* Begin PBXResourcesBuildPhase section */
		520C5DF227C3CEBB00E841F3 /* Resources */ = {
			isa = PBXResourcesBuildPhase;
			buildActionMask = 2147483647;
			files = (
				520C5E0427C3CEBD00E841F3 /* LaunchScreen.storyboard in Resources */,
				520C5E1527C3D63200E841F3 /* ItemTableCell.xib in Resources */,
				520C5E0127C3CEBD00E841F3 /* Assets.xcassets in Resources */,
				520C5DFF27C3CEBB00E841F3 /* Main.storyboard in Resources */,
			);
			runOnlyForDeploymentPostprocessing = 0;
		};
/* End PBXResourcesBuildPhase section */

/* Begin PBXSourcesBuildPhase section */
		520C5DF027C3CEBB00E841F3 /* Sources */ = {
			isa = PBXSourcesBuildPhase;
			buildActionMask = 2147483647;
			files = (
				520C5DFC27C3CEBB00E841F3 /* ViewController.swift in Sources */,
				520C5E1727C3D7A900E841F3 /* ItemEntity.swift in Sources */,
				520C5E1027C3D47100E841F3 /* TabBarController.swift in Sources */,
				520C5DF827C3CEBB00E841F3 /* AppDelegate.swift in Sources */,
				529FB1B527C517DE0095A4DE /* ModifyViewController.swift in Sources */,
				520C5DFA27C3CEBB00E841F3 /* SceneDelegate.swift in Sources */,
				520C5E1927C3D82E00E841F3 /* ItemModel.swift in Sources */,
				520C5E1427C3D63200E841F3 /* ItemTableCell.swift in Sources */,
			);
			runOnlyForDeploymentPostprocessing = 0;
		};
/* End PBXSourcesBuildPhase section */

/* Begin PBXVariantGroup section */
		520C5DFD27C3CEBB00E841F3 /* Main.storyboard */ = {
			isa = PBXVariantGroup;
			children = (
				520C5DFE27C3CEBB00E841F3 /* Base */,
			);
			name = Main.storyboard;
			sourceTree = "<group>";
		};
		520C5E0227C3CEBD00E841F3 /* LaunchScreen.storyboard */ = {
			isa = PBXVariantGroup;
			children = (
				520C5E0327C3CEBD00E841F3 /* Base */,
			);
			name = LaunchScreen.storyboard;
			sourceTree = "<group>";
		};
/* End PBXVariantGroup section */

/* Begin XCBuildConfiguration section */
		520C5E0627C3CEBD00E841F3 /* Debug */ = {
			isa = XCBuildConfiguration;
			buildSettings = {
				ALWAYS_SEARCH_USER_PATHS = NO;
				CLANG_ANALYZER_NONNULL = YES;
				CLANG_ANALYZER_NUMBER_OBJECT_CONVERSION = YES_AGGRESSIVE;
				CLANG_CXX_LANGUAGE_STANDARD = "gnu++17";
				CLANG_CXX_LIBRARY = "libc++";
				CLANG_ENABLE_MODULES = YES;
				CLANG_ENABLE_OBJC_ARC = YES;
				CLANG_ENABLE_OBJC_WEAK = YES;
				CLANG_WARN_BLOCK_CAPTURE_AUTORELEASING = YES;
				CLANG_WARN_BOOL_CONVERSION = YES;
				CLANG_WARN_COMMA = YES;
				CLANG_WARN_CONSTANT_CONVERSION = YES;
				CLANG_WARN_DEPRECATED_OBJC_IMPLEMENTATIONS = YES;
				CLANG_WARN_DIRECT_OBJC_ISA_USAGE = YES_ERROR;
				CLANG_WARN_DOCUMENTATION_COMMENTS = YES;
				CLANG_WARN_EMPTY_BODY = YES;
				CLANG_WARN_ENUM_CONVERSION = YES;
				CLANG_WARN_INFINITE_RECURSION = YES;
				CLANG_WARN_INT_CONVERSION = YES;
				CLANG_WARN_NON_LITERAL_NULL_CONVERSION = YES;
				CLANG_WARN_OBJC_IMPLICIT_RETAIN_SELF = YES;
				CLANG_WARN_OBJC_LITERAL_CONVERSION = YES;
				CLANG_WARN_OBJC_ROOT_CLASS = YES_ERROR;
				CLANG_WARN_QUOTED_INCLUDE_IN_FRAMEWORK_HEADER = YES;
				CLANG_WARN_RANGE_LOOP_ANALYSIS = YES;
				CLANG_WARN_STRICT_PROTOTYPES = YES;
				CLANG_WARN_SUSPICIOUS_MOVE = YES;
				CLANG_WARN_UNGUARDED_AVAILABILITY = YES_AGGRESSIVE;
				CLANG_WARN_UNREACHABLE_CODE = YES;
				CLANG_WARN__DUPLICATE_METHOD_MATCH = YES;
				COPY_PHASE_STRIP = NO;
				DEBUG_INFORMATION_FORMAT = dwarf;
				ENABLE_STRICT_OBJC_MSGSEND = YES;
				ENABLE_TESTABILITY = YES;
				GCC_C_LANGUAGE_STANDARD = gnu11;
				GCC_DYNAMIC_NO_PIC = NO;
				GCC_NO_COMMON_BLOCKS = YES;
				GCC_OPTIMIZATION_LEVEL = 0;
				GCC_PREPROCESSOR_DEFINITIONS = (
					"DEBUG=1",
					"$(inherited)",
				);
				GCC_WARN_64_TO_32_BIT_CONVERSION = YES;
				GCC_WARN_ABOUT_RETURN_TYPE = YES_ERROR;
				GCC_WARN_UNDECLARED_SELECTOR = YES;
				GCC_WARN_UNINITIALIZED_AUTOS = YES_AGGRESSIVE;
				GCC_WARN_UNUSED_FUNCTION = YES;
				GCC_WARN_UNUSED_VARIABLE = YES;
				IPHONEOS_DEPLOYMENT_TARGET = 15.2;
				MTL_ENABLE_DEBUG_INFO = INCLUDE_SOURCE;
				MTL_FAST_MATH = YES;
				ONLY_ACTIVE_ARCH = YES;
				SDKROOT = iphoneos;
				SWIFT_ACTIVE_COMPILATION_CONDITIONS = DEBUG;
				SWIFT_OPTIMIZATION_LEVEL = "-Onone";
			};
			name = Debug;
		};
		520C5E0727C3CEBD00E841F3 /* Release */ = {
			isa = XCBuildConfiguration;
			buildSettings = {
				ALWAYS_SEARCH_USER_PATHS = NO;
				CLANG_ANALYZER_NONNULL = YES;
				CLANG_ANALYZER_NUMBER_OBJECT_CONVERSION = YES_AGGRESSIVE;
				CLANG_CXX_LANGUAGE_STANDARD = "gnu++17";
				CLANG_CXX_LIBRARY = "libc++";
				CLANG_ENABLE_MODULES = YES;
				CLANG_ENABLE_OBJC_ARC = YES;
				CLANG_ENABLE_OBJC_WEAK = YES;
				CLANG_WARN_BLOCK_CAPTURE_AUTORELEASING = YES;
				CLANG_WARN_BOOL_CONVERSION = YES;
				CLANG_WARN_COMMA = YES;
				CLANG_WARN_CONSTANT_CONVERSION = YES;
				CLANG_WARN_DEPRECATED_OBJC_IMPLEMENTATIONS = YES;
				CLANG_WARN_DIRECT_OBJC_ISA_USAGE = YES_ERROR;
				CLANG_WARN_DOCUMENTATION_COMMENTS = YES;
				CLANG_WARN_EMPTY_BODY = YES;
				CLANG_WARN_ENUM_CONVERSION = YES;
				CLANG_WARN_INFINITE_RECURSION = YES;
				CLANG_WARN_INT_CONVERSION = YES;
				CLANG_WARN_NON_LITERAL_NULL_CONVERSION = YES;
				CLANG_WARN_OBJC_IMPLICIT_RETAIN_SELF = YES;
				CLANG_WARN_OBJC_LITERAL_CONVERSION = YES;
				CLANG_WARN_OBJC_ROOT_CLASS = YES_ERROR;
				CLANG_WARN_QUOTED_INCLUDE_IN_FRAMEWORK_HEADER = YES;
				CLANG_WARN_RANGE_LOOP_ANALYSIS = YES;
				CLANG_WARN_STRICT_PROTOTYPES = YES;
				CLANG_WARN_SUSPICIOUS_MOVE = YES;
				CLANG_WARN_UNGUARDED_AVAILABILITY = YES_AGGRESSIVE;
				CLANG_WARN_UNREACHABLE_CODE = YES;
				CLANG_WARN__DUPLICATE_METHOD_MATCH = YES;
				COPY_PHASE_STRIP = NO;
				DEBUG_INFORMATION_FORMAT = "dwarf-with-dsym";
				ENABLE_NS_ASSERTIONS = NO;
				ENABLE_STRICT_OBJC_MSGSEND = YES;
				GCC_C_LANGUAGE_STANDARD = gnu11;
				GCC_NO_COMMON_BLOCKS = YES;
				GCC_WARN_64_TO_32_BIT_CONVERSION = YES;
				GCC_WARN_ABOUT_RETURN_TYPE = YES_ERROR;
				GCC_WARN_UNDECLARED_SELECTOR = YES;
				GCC_WARN_UNINITIALIZED_AUTOS = YES_AGGRESSIVE;
				GCC_WARN_UNUSED_FUNCTION = YES;
				GCC_WARN_UNUSED_VARIABLE = YES;
				IPHONEOS_DEPLOYMENT_TARGET = 15.2;
				MTL_ENABLE_DEBUG_INFO = NO;
				MTL_FAST_MATH = YES;
				SDKROOT = iphoneos;
				SWIFT_COMPILATION_MODE = wholemodule;
				SWIFT_OPTIMIZATION_LEVEL = "-O";
				VALIDATE_PRODUCT = YES;
			};
			name = Release;
		};
		520C5E0927C3CEBD00E841F3 /* Debug */ = {
			isa = XCBuildConfiguration;
			buildSettings = {
				ASSETCATALOG_COMPILER_APPICON_NAME = AppIcon;
				ASSETCATALOG_COMPILER_GLOBAL_ACCENT_COLOR_NAME = AccentColor;
				CODE_SIGN_STYLE = Automatic;
				CURRENT_PROJECT_VERSION = 1;
				DEVELOPMENT_TEAM = FKP4VA87Y9;
				GENERATE_INFOPLIST_FILE = YES;
				INFOPLIST_FILE = CarrotMarket/Info.plist;
				INFOPLIST_KEY_UIApplicationSupportsIndirectInputEvents = YES;
				INFOPLIST_KEY_UILaunchStoryboardName = LaunchScreen;
				INFOPLIST_KEY_UIMainStoryboardFile = Main;
				INFOPLIST_KEY_UISupportedInterfaceOrientations_iPad = "UIInterfaceOrientationPortrait UIInterfaceOrientationPortraitUpsideDown UIInterfaceOrientationLandscapeLeft UIInterfaceOrientationLandscapeRight";
				INFOPLIST_KEY_UISupportedInterfaceOrientations_iPhone = "UIInterfaceOrientationPortrait UIInterfaceOrientationLandscapeLeft UIInterfaceOrientationLandscapeRight";
				LD_RUNPATH_SEARCH_PATHS = (
					"$(inherited)",
					"@executable_path/Frameworks",
				);
				MARKETING_VERSION = 1.0;
				PRODUCT_BUNDLE_IDENTIFIER = com.temp.CarrotMarket;
				PRODUCT_NAME = "$(TARGET_NAME)";
				SWIFT_EMIT_LOC_STRINGS = YES;
				SWIFT_VERSION = 5.0;
				TARGETED_DEVICE_FAMILY = "1,2";
			};
			name = Debug;
		};
		520C5E0A27C3CEBD00E841F3 /* Release */ = {
			isa = XCBuildConfiguration;
			buildSettings = {
				ASSETCATALOG_COMPILER_APPICON_NAME = AppIcon;
				ASSETCATALOG_COMPILER_GLOBAL_ACCENT_COLOR_NAME = AccentColor;
				CODE_SIGN_STYLE = Automatic;
				CURRENT_PROJECT_VERSION = 1;
				DEVELOPMENT_TEAM = FKP4VA87Y9;
				GENERATE_INFOPLIST_FILE = YES;
				INFOPLIST_FILE = CarrotMarket/Info.plist;
				INFOPLIST_KEY_UIApplicationSupportsIndirectInputEvents = YES;
				INFOPLIST_KEY_UILaunchStoryboardName = LaunchScreen;
				INFOPLIST_KEY_UIMainStoryboardFile = Main;
				INFOPLIST_KEY_UISupportedInterfaceOrientations_iPad = "UIInterfaceOrientationPortrait UIInterfaceOrientationPortraitUpsideDown UIInterfaceOrientationLandscapeLeft UIInterfaceOrientationLandscapeRight";
				INFOPLIST_KEY_UISupportedInterfaceOrientations_iPhone = "UIInterfaceOrientationPortrait UIInterfaceOrientationLandscapeLeft UIInterfaceOrientationLandscapeRight";
				LD_RUNPATH_SEARCH_PATHS = (
					"$(inherited)",
					"@executable_path/Frameworks",
				);
				MARKETING_VERSION = 1.0;
				PRODUCT_BUNDLE_IDENTIFIER = com.temp.CarrotMarket;
				PRODUCT_NAME = "$(TARGET_NAME)";
				SWIFT_EMIT_LOC_STRINGS = YES;
				SWIFT_VERSION = 5.0;
				TARGETED_DEVICE_FAMILY = "1,2";
			};
			name = Release;
		};
/* End XCBuildConfiguration section */

/* Begin XCConfigurationList section */
		520C5DEF27C3CEBB00E841F3 /* Build configuration list for PBXProject "CarrotMarket" */ = {
			isa = XCConfigurationList;
			buildConfigurations = (
				520C5E0627C3CEBD00E841F3 /* Debug */,
				520C5E0727C3CEBD00E841F3 /* Release */,
			);
			defaultConfigurationIsVisible = 0;
			defaultConfigurationName = Release;
		};
		520C5E0827C3CEBD00E841F3 /* Build configuration list for PBXNativeTarget "CarrotMarket" */ = {
			isa = XCConfigurationList;
			buildConfigurations = (
				520C5E0927C3CEBD00E841F3 /* Debug */,
				520C5E0A27C3CEBD00E841F3 /* Release */,
			);
			defaultConfigurationIsVisible = 0;
			defaultConfigurationName = Release;
		};
/* End XCConfigurationList section */
	};
	rootObject = 520C5DEC27C3CEBB00E841F3 /* Project object */;
}
